
Microsoft Visual Studio Solution File, Format Version 12.00
# Visual Studio 2015
Project("{FAE04EC0-301F-11D3-BF4B-00C04F79EFBC}") = "KISUnity.Editor", "KISUnity.Editor.csproj", "{4816435C-D4EF-8AA9-64CE-21700E7466BC}"
EndProject
Global
	GlobalSection(SolutionConfigurationPlatforms) = preSolution
		Debug|Any CPU = Debug|Any CPU
		Release|Any CPU = Release|Any CPU
	EndGlobalSection
	GlobalSection(ProjectConfigurationPlatforms) = postSolution
		{4816435C-D4EF-8AA9-64CE-21700E7466BC}.Debug|Any CPU.ActiveCfg = Debug|Any CPU
		{4816435C-D4EF-8AA9-64CE-21700E7466BC}.Debug|Any CPU.Build.0 = Debug|Any CPU
		{4816435C-D4EF-8AA9-64CE-21700E7466BC}.Release|Any CPU.ActiveCfg = Release|Any CPU
		{4816435C-D4EF-8AA9-64CE-21700E7466BC}.Release|Any CPU.Build.0 = Release|Any CPU
	EndGlobalSection
	GlobalSection(SolutionProperties) = preSolution
		HideSolutionNode = FALSE
	EndGlobalSection
EndGlobal
